// !$*UTF8*$!
{
	archiveVersion = 1;
	classes = {
	};
	objectVersion = 46;
	objects = {

/* Begin PBXBuildFile section */
		CA115A401DE0C820003C235A /* ProductViewController.swift in Sources */ = {isa = PBXBuildFile; fileRef = CA115A3F1DE0C820003C235A /* ProductViewController.swift */; };
		CA115A421DE120B2003C235A /* ContactViewController.swift in Sources */ = {isa = PBXBuildFile; fileRef = CA115A411DE120B2003C235A /* ContactViewController.swift */; };
		CA115A441DE12823003C235A /* ProductsTableViewController.swift in Sources */ = {isa = PBXBuildFile; fileRef = CA115A431DE12823003C235A /* ProductsTableViewController.swift */; };
		CA115A461DE13816003C235A /* Product.swift in Sources */ = {isa = PBXBuildFile; fileRef = CA115A451DE13816003C235A /* Product.swift */; };
		CA115A481DE27C29003C235A /* CartTableViewController.swift in Sources */ = {isa = PBXBuildFile; fileRef = CA115A471DE27C29003C235A /* CartTableViewController.swift */; };
		CA115A4A1DE27ECA003C235A /* Order.swift in Sources */ = {isa = PBXBuildFile; fileRef = CA115A491DE27ECA003C235A /* Order.swift */; };
		CA115A4C1DE27F1E003C235A /* Orders.swift in Sources */ = {isa = PBXBuildFile; fileRef = CA115A4B1DE27F1E003C235A /* Orders.swift */; };
		CA75DBDD1DE0BF750079AC60 /* AppDelegate.swift in Sources */ = {isa = PBXBuildFile; fileRef = CA75DBDC1DE0BF750079AC60 /* AppDelegate.swift */; };
		CA75DBE21DE0BF760079AC60 /* Main.storyboard in Resources */ = {isa = PBXBuildFile; fileRef = CA75DBE01DE0BF760079AC60 /* Main.storyboard */; };
		CA75DBE41DE0BF760079AC60 /* Assets.xcassets in Resources */ = {isa = PBXBuildFile; fileRef = CA75DBE31DE0BF760079AC60 /* Assets.xcassets */; };
		CA75DBE71DE0BF760079AC60 /* LaunchScreen.storyboard in Resources */ = {isa = PBXBuildFile; fileRef = CA75DBE51DE0BF760079AC60 /* LaunchScreen.storyboard */; };
/* End PBXBuildFile section */

/* Begin PBXFileReference section */
		CA115A3F1DE0C820003C235A /* ProductViewController.swift */ = {isa = PBXFileReference; fileEncoding = 4; lastKnownFileType = sourcecode.swift; path = ProductViewController.swift; sourceTree = "<group>"; };
		CA115A411DE120B2003C235A /* ContactViewController.swift */ = {isa = PBXFileReference; fileEncoding = 4; lastKnownFileType = sourcecode.swift; path = ContactViewController.swift; sourceTree = "<group>"; };
		CA115A431DE12823003C235A /* ProductsTableViewController.swift */ = {isa = PBXFileReference; fileEncoding = 4; lastKnownFileType = sourcecode.swift; path = ProductsTableViewController.swift; sourceTree = "<group>"; };
		CA115A451DE13816003C235A /* Product.swift */ = {isa = PBXFileReference; fileEncoding = 4; lastKnownFileType = sourcecode.swift; path = Product.swift; sourceTree = "<group>"; };
		CA115A471DE27C29003C235A /* CartTableViewController.swift */ = {isa = PBXFileReference; fileEncoding = 4; lastKnownFileType = sourcecode.swift; path = CartTableViewController.swift; sourceTree = "<group>"; };
		CA115A491DE27ECA003C235A /* Order.swift */ = {isa = PBXFileReference; fileEncoding = 4; lastKnownFileType = sourcecode.swift; path = Order.swift; sourceTree = "<group>"; };
		CA115A4B1DE27F1E003C235A /* Orders.swift */ = {isa = PBXFileReference; fileEncoding = 4; lastKnownFileType = sourcecode.swift; path = Orders.swift; sourceTree = "<group>"; };
		CA75DBD91DE0BF750079AC60 /* GoodAsOldPhones.app */ = {isa = PBXFileReference; explicitFileType = wrapper.application; includeInIndex = 0; path = GoodAsOldPhones.app; sourceTree = BUILT_PRODUCTS_DIR; };
		CA75DBDC1DE0BF750079AC60 /* AppDelegate.swift */ = {isa = PBXFileReference; lastKnownFileType = sourcecode.swift; path = AppDelegate.swift; sourceTree = "<group>"; };
		CA75DBE11DE0BF760079AC60 /* Base */ = {isa = PBXFileReference; lastKnownFileType = file.storyboard; name = Base; path = Base.lproj/Main.storyboard; sourceTree = "<group>"; };
		CA75DBE31DE0BF760079AC60 /* Assets.xcassets */ = {isa = PBXFileReference; lastKnownFileType = folder.assetcatalog; path = Assets.xcassets; sourceTree = "<group>"; };
		CA75DBE61DE0BF760079AC60 /* Base */ = {isa = PBXFileReference; lastKnownFileType = file.storyboard; name = Base; path = Base.lproj/LaunchScreen.storyboard; sourceTree = "<group>"; };
		CA75DBE81DE0BF760079AC60 /* Info.plist */ = {isa = PBXFileReference; lastKnownFileType = text.plist.xml; path = Info.plist; sourceTree = "<group>"; };
/* End PBXFileReference section */

/* Begin PBXFrameworksBuildPhase section */
		CA75DBD61DE0BF750079AC60 /* Frameworks */ = {
			isa = PBXFrameworksBuildPhase;
			buildActionMask = 2147483647;
			files = (
			);
			runOnlyForDeploymentPostprocessing = 0;
		};
/* End PBXFrameworksBuildPhase section */

/* Begin PBXGroup section */
		CA75DBD01DE0BF740079AC60 = {
			isa = PBXGroup;
			children = (
				CA75DBDB1DE0BF750079AC60 /* GoodAsOldPhones */,
				CA75DBDA1DE0BF750079AC60 /* Products */,
			);
			sourceTree = "<group>";
		};
		CA75DBDA1DE0BF750079AC60 /* Products */ = {
			isa = PBXGroup;
			children = (
				CA75DBD91DE0BF750079AC60 /* GoodAsOldPhones.app */,
			);
			name = Products;
			sourceTree = "<group>";
		};
		CA75DBDB1DE0BF750079AC60 /* GoodAsOldPhones */ = {
			isa = PBXGroup;
			children = (
				CA75DBDC1DE0BF750079AC60 /* AppDelegate.swift */,
				CA75DBE01DE0BF760079AC60 /* Main.storyboard */,
				CA75DBE31DE0BF760079AC60 /* Assets.xcassets */,
				CA75DBE51DE0BF760079AC60 /* LaunchScreen.storyboard */,
				CA75DBE81DE0BF760079AC60 /* Info.plist */,
				CA115A3F1DE0C820003C235A /* ProductViewController.swift */,
				CA115A411DE120B2003C235A /* ContactViewController.swift */,
				CA115A431DE12823003C235A /* ProductsTableViewController.swift */,
				CA115A451DE13816003C235A /* Product.swift */,
				CA115A471DE27C29003C235A /* CartTableViewController.swift */,
				CA115A491DE27ECA003C235A /* Order.swift */,
				CA115A4B1DE27F1E003C235A /* Orders.swift */,
			);
			path = GoodAsOldPhones;
			sourceTree = "<group>";
		};
/* End PBXGroup section */

/* Begin PBXNativeTarget section */
		CA75DBD81DE0BF750079AC60 /* GoodAsOldPhones */ = {
			isa = PBXNativeTarget;
			buildConfigurationList = CA75DBEB1DE0BF760079AC60 /* Build configuration list for PBXNativeTarget "GoodAsOldPhones" */;
			buildPhases = (
				CA75DBD51DE0BF750079AC60 /* Sources */,
				CA75DBD61DE0BF750079AC60 /* Frameworks */,
				CA75DBD71DE0BF750079AC60 /* Resources */,
			);
			buildRules = (
			);
			dependencies = (
			);
			name = GoodAsOldPhones;
			productName = GoodAsOldPhones;
			productReference = CA75DBD91DE0BF750079AC60 /* GoodAsOldPhones.app */;
			productType = "com.apple.product-type.application";
		};
/* End PBXNativeTarget section */

/* Begin PBXProject section */
		CA75DBD11DE0BF740079AC60 /* Project object */ = {
			isa = PBXProject;
			attributes = {
				LastSwiftUpdateCheck = 0810;
				LastUpgradeCheck = 0810;
				ORGANIZATIONNAME = "Joao Paulo Lethier";
				TargetAttributes = {
					CA75DBD81DE0BF750079AC60 = {
						CreatedOnToolsVersion = 8.1;
						DevelopmentTeam = 2YG48MBS27;
						ProvisioningStyle = Automatic;
					};
				};
			};
			buildConfigurationList = CA75DBD41DE0BF750079AC60 /* Build configuration list for PBXProject "GoodAsOldPhones" */;
			compatibilityVersion = "Xcode 3.2";
			developmentRegion = English;
			hasScannedForEncodings = 0;
			knownRegions = (
				en,
				Base,
			);
			mainGroup = CA75DBD01DE0BF740079AC60;
			productRefGroup = CA75DBDA1DE0BF750079AC60 /* Products */;
			projectDirPath = "";
			projectRoot = "";
			targets = (
				CA75DBD81DE0BF750079AC60 /* GoodAsOldPhones */,
			);
		};
/* End PBXProject section */

/* Begin PBXResourcesBuildPhase section */
		CA75DBD71DE0BF750079AC60 /* Resources */ = {
			isa = PBXResourcesBuildPhase;
			buildActionMask = 2147483647;
			files = (
				CA75DBE71DE0BF760079AC60 /* LaunchScreen.storyboard in Resources */,
				CA75DBE41DE0BF760079AC60 /* Assets.xcassets in Resources */,
				CA75DBE21DE0BF760079AC60 /* Main.storyboard in Resources */,
			);
			runOnlyForDeploymentPostprocessing = 0;
		};
/* End PBXResourcesBuildPhase section */

/* Begin PBXSourcesBuildPhase section */
		CA75DBD51DE0BF750079AC60 /* Sources */ = {
			isa = PBXSourcesBuildPhase;
			buildActionMask = 2147483647;
			files = (
				CA115A401DE0C820003C235A /* ProductViewController.swift in Sources */,
				CA115A481DE27C29003C235A /* CartTableViewController.swift in Sources */,
				CA115A441DE12823003C235A /* ProductsTableViewController.swift in Sources */,
				CA115A461DE13816003C235A /* Product.swift in Sources */,
				CA75DBDD1DE0BF750079AC60 /* AppDelegate.swift in Sources */,
				CA115A421DE120B2003C235A /* ContactViewController.swift in Sources */,
				CA115A4C1DE27F1E003C235A /* Orders.swift in Sources */,
				CA115A4A1DE27ECA003C235A /* Order.swift in Sources */,
			);
			runOnlyForDeploymentPostprocessing = 0;
		};
/* End PBXSourcesBuildPhase section */

/* Begin PBXVariantGroup section */
		CA75DBE01DE0BF760079AC60 /* Main.storyboard */ = {
			isa = PBXVariantGroup;
			children = (
				CA75DBE11DE0BF760079AC60 /* Base */,
			);
			name = Main.storyboard;
			sourceTree = "<group>";
		};
		CA75DBE51DE0BF760079AC60 /* LaunchScreen.storyboard */ = {
			isa = PBXVariantGroup;
			children = (
				CA75DBE61DE0BF760079AC60 /* Base */,
			);
			name = LaunchScreen.storyboard;
			sourceTree = "<group>";
		};
/* End PBXVariantGroup section */

/* Begin XCBuildConfiguration section */
		CA75DBE91DE0BF760079AC60 /* Debug */ = {
			isa = XCBuildConfiguration;
			buildSettings = {
				ALWAYS_SEARCH_USER_PATHS = NO;
				CLANG_ANALYZER_NONNULL = YES;
				CLANG_CXX_LANGUAGE_STANDARD = "gnu++0x";
				CLANG_CXX_LIBRARY = "libc++";
				CLANG_ENABLE_MODULES = YES;
				CLANG_ENABLE_OBJC_ARC = YES;
				CLANG_WARN_BOOL_CONVERSION = YES;
				CLANG_WARN_CONSTANT_CONVERSION = YES;
				CLANG_WARN_DIRECT_OBJC_ISA_USAGE = YES_ERROR;
				CLANG_WARN_DOCUMENTATION_COMMENTS = YES;
				CLANG_WARN_EMPTY_BODY = YES;
				CLANG_WARN_ENUM_CONVERSION = YES;
				CLANG_WARN_INFINITE_RECURSION = YES;
				CLANG_WARN_INT_CONVERSION = YES;
				CLANG_WARN_OBJC_ROOT_CLASS = YES_ERROR;
				CLANG_WARN_SUSPICIOUS_MOVES = YES;
				CLANG_WARN_UNREACHABLE_CODE = YES;
				CLANG_WARN__DUPLICATE_METHOD_MATCH = YES;
				"CODE_SIGN_IDENTITY[sdk=iphoneos*]" = "iPhone Developer";
				COPY_PHASE_STRIP = NO;
				DEBUG_INFORMATION_FORMAT = dwarf;
				ENABLE_STRICT_OBJC_MSGSEND = YES;
				ENABLE_TESTABILITY = YES;
				GCC_C_LANGUAGE_STANDARD = gnu99;
				GCC_DYNAMIC_NO_PIC = NO;
				GCC_NO_COMMON_BLOCKS = YES;
				GCC_OPTIMIZATION_LEVEL = 0;
				GCC_PREPROCESSOR_DEFINITIONS = (
					"DEBUG=1",
					"$(inherited)",
				);
				GCC_WARN_64_TO_32_BIT_CONVERSION = YES;
				GCC_WARN_ABOUT_RETURN_TYPE = YES_ERROR;
				GCC_WARN_UNDECLARED_SELECTOR = YES;
				GCC_WARN_UNINITIALIZED_AUTOS = YES_AGGRESSIVE;
				GCC_WARN_UNUSED_FUNCTION = YES;
				GCC_WARN_UNUSED_VARIABLE = YES;
				IPHONEOS_DEPLOYMENT_TARGET = 10.1;
				MTL_ENABLE_DEBUG_INFO = YES;
				ONLY_ACTIVE_ARCH = YES;
				SDKROOT = iphoneos;
				SWIFT_ACTIVE_COMPILATION_CONDITIONS = DEBUG;
				SWIFT_OPTIMIZATION_LEVEL = "-Onone";
			};
			name = Debug;
		};
		CA75DBEA1DE0BF760079AC60 /* Release */ = {
			isa = XCBuildConfiguration;
			buildSettings = {
				ALWAYS_SEARCH_USER_PATHS = NO;
				CLANG_ANALYZER_NONNULL = YES;
				CLANG_CXX_LANGUAGE_STANDARD = "gnu++0x";
				CLANG_CXX_LIBRARY = "libc++";
				CLANG_ENABLE_MODULES = YES;
				CLANG_ENABLE_OBJC_ARC = YES;
				CLANG_WARN_BOOL_CONVERSION = YES;
				CLANG_WARN_CONSTANT_CONVERSION = YES;
				CLANG_WARN_DIRECT_OBJC_ISA_USAGE = YES_ERROR;
				CLANG_WARN_DOCUMENTATION_COMMENTS = YES;
				CLANG_WARN_EMPTY_BODY = YES;
				CLANG_WARN_ENUM_CONVERSION = YES;
				CLANG_WARN_INFINITE_RECURSION = YES;
				CLANG_WARN_INT_CONVERSION = YES;
				CLANG_WARN_OBJC_ROOT_CLASS = YES_ERROR;
				CLANG_WARN_SUSPICIOUS_MOVES = YES;
				CLANG_WARN_UNREACHABLE_CODE = YES;
				CLANG_WARN__DUPLICATE_METHOD_MATCH = YES;
				"CODE_SIGN_IDENTITY[sdk=iphoneos*]" = "iPhone Developer";
				COPY_PHASE_STRIP = NO;
				DEBUG_INFORMATION_FORMAT = "dwarf-with-dsym";
				ENABLE_NS_ASSERTIONS = NO;
				ENABLE_STRICT_OBJC_MSGSEND = YES;
				GCC_C_LANGUAGE_STANDARD = gnu99;
				GCC_NO_COMMON_BLOCKS = YES;
				GCC_WARN_64_TO_32_BIT_CONVERSION = YES;
				GCC_WARN_ABOUT_RETURN_TYPE = YES_ERROR;
				GCC_WARN_UNDECLARED_SELECTOR = YES;
				GCC_WARN_UNINITIALIZED_AUTOS = YES_AGGRESSIVE;
				GCC_WARN_UNUSED_FUNCTION = YES;
				GCC_WARN_UNUSED_VARIABLE = YES;
				IPHONEOS_DEPLOYMENT_TARGET = 10.1;
				MTL_ENABLE_DEBUG_INFO = NO;
				SDKROOT = iphoneos;
				SWIFT_OPTIMIZATION_LEVEL = "-Owholemodule";
				VALIDATE_PRODUCT = YES;
			};
			name = Release;
		};
		CA75DBEC1DE0BF760079AC60 /* Debug */ = {
			isa = XCBuildConfiguration;
			buildSettings = {
				ASSETCATALOG_COMPILER_APPICON_NAME = AppIcon;
				DEVELOPMENT_TEAM = 2YG48MBS27;
				INFOPLIST_FILE = GoodAsOldPhones/Info.plist;
				LD_RUNPATH_SEARCH_PATHS = "$(inherited) @executable_path/Frameworks";
				PRODUCT_BUNDLE_IDENTIFIER = com.jplethier.GoodAsOldPhones;
				PRODUCT_NAME = "$(TARGET_NAME)";
				SWIFT_VERSION = 3.0;
			};
			name = Debug;
		};
		CA75DBED1DE0BF760079AC60 /* Release */ = {
			isa = XCBuildConfiguration;
			buildSettings = {
				ASSETCATALOG_COMPILER_APPICON_NAME = AppIcon;
				DEVELOPMENT_TEAM = 2YG48MBS27;
				INFOPLIST_FILE = GoodAsOldPhones/Info.plist;
				LD_RUNPATH_SEARCH_PATHS = "$(inherited) @executable_path/Frameworks";
				PRODUCT_BUNDLE_IDENTIFIER = com.jplethier.GoodAsOldPhones;
				PRODUCT_NAME = "$(TARGET_NAME)";
				SWIFT_VERSION = 3.0;
			};
			name = Release;
		};
/* End XCBuildConfiguration section */

/* Begin XCConfigurationList section */
		CA75DBD41DE0BF750079AC60 /* Build configuration list for PBXProject "GoodAsOldPhones" */ = {
			isa = XCConfigurationList;
			buildConfigurations = (
				CA75DBE91DE0BF760079AC60 /* Debug */,
				CA75DBEA1DE0BF760079AC60 /* Release */,
			);
			defaultConfigurationIsVisible = 0;
			defaultConfigurationName = Release;
		};
		CA75DBEB1DE0BF760079AC60 /* Build configuration list for PBXNativeTarget "GoodAsOldPhones" */ = {
			isa = XCConfigurationList;
			buildConfigurations = (
				CA75DBEC1DE0BF760079AC60 /* Debug */,
				CA75DBED1DE0BF760079AC60 /* Release */,
			);
			defaultConfigurationIsVisible = 0;
			defaultConfigurationName = Release;
		};
/* End XCConfigurationList section */
	};
	rootObject = CA75DBD11DE0BF740079AC60 /* Project object */;
}
